
Microsoft Visual Studio Solution File, Format Version 12.00
# Visual Studio Version 16
VisualStudioVersion = 16.0.29613.14
MinimumVisualStudioVersion = 10.0.40219.1
Project("{9A19103F-16F7-4668-BE54-9A1E7A4F7556}") = "ThaiNationalIDCard.NET", "ThaiNationalIDCard.NET\ThaiNationalIDCard.NET.csproj", "{754802D9-509B-4FE1-B9BB-8F0838B07AA7}"
EndProject
Project("{9A19103F-16F7-4668-BE54-9A1E7A4F7556}") = "ThaiNationalIDCard.NET.Example.ConsoleApp", "ThaiNationalIDCard.NET.Example.ConsoleApp\ThaiNationalIDCard.NET.Example.ConsoleApp.csproj", "{94485686-CAF7-43FB-B425-DD9F13EFAFF5}"
EndProject
Project("{9A19103F-16F7-4668-BE54-9A1E7A4F7556}") = "ThaiNationalIDCard.NET.Example.WebApi", "ThaiNationalIDCard.NET.Example.WebApi\ThaiNationalIDCard.NET.Example.WebApi.csproj", "{EC52B1CF-6467-4506-A7BC-CAD49E9F202F}"
EndProject
Global
	GlobalSection(SolutionConfigurationPlatforms) = preSolution
		Debug|Any CPU = Debug|Any CPU
		Release|Any CPU = Release|Any CPU
	EndGlobalSection
	GlobalSection(ProjectConfigurationPlatforms) = postSolution
		{754802D9-509B-4FE1-B9BB-8F0838B07AA7}.Debug|Any CPU.ActiveCfg = Debug|Any CPU
		{754802D9-509B-4FE1-B9BB-8F0838B07AA7}.Debug|Any CPU.Build.0 = Debug|Any CPU
		{754802D9-509B-4FE1-B9BB-8F0838B07AA7}.Release|Any CPU.ActiveCfg = Release|Any CPU
		{754802D9-509B-4FE1-B9BB-8F0838B07AA7}.Release|Any CPU.Build.0 = Release|Any CPU
		{94485686-CAF7-43FB-B425-DD9F13EFAFF5}.Debug|Any CPU.ActiveCfg = Debug|Any CPU
		{94485686-CAF7-43FB-B425-DD9F13EFAFF5}.Debug|Any CPU.Build.0 = Debug|Any CPU
		{94485686-CAF7-43FB-B425-DD9F13EFAFF5}.Release|Any CPU.ActiveCfg = Release|Any CPU
		{94485686-CAF7-43FB-B425-DD9F13EFAFF5}.Release|Any CPU.Build.0 = Release|Any CPU
		{EC52B1CF-6467-4506-A7BC-CAD49E9F202F}.Debug|Any CPU.ActiveCfg = Debug|Any CPU
		{EC52B1CF-6467-4506-A7BC-CAD49E9F202F}.Debug|Any CPU.Build.0 = Debug|Any CPU
		{EC52B1CF-6467-4506-A7BC-CAD49E9F202F}.Release|Any CPU.ActiveCfg = Release|Any CPU
		{EC52B1CF-6467-4506-A7BC-CAD49E9F202F}.Release|Any CPU.Build.0 = Release|Any CPU
	EndGlobalSection
	GlobalSection(SolutionProperties) = preSolution
		HideSolutionNode = FALSE
	EndGlobalSection
	GlobalSection(ExtensibilityGlobals) = postSolution
		SolutionGuid = {61BA88EB-152B-47AA-970F-5E6FDF7BA682}
	EndGlobalSection
EndGlobal
